// !$*UTF8*$!
{
	archiveVersion = 1;
	classes = {
	};
	objectVersion = 46;
	objects = {

/* Begin PBXBuildFile section */
		FCB31C2C1C30ABCA006ABC72 /* AppDelegate.swift in Sources */ = {isa = PBXBuildFile; fileRef = FCB31C2B1C30ABCA006ABC72 /* AppDelegate.swift */; };
		FCB31C2E1C30ABCA006ABC72 /* ViewController.swift in Sources */ = {isa = PBXBuildFile; fileRef = FCB31C2D1C30ABCA006ABC72 /* ViewController.swift */; };
		FCB31C311C30ABCA006ABC72 /* Main.storyboard in Resources */ = {isa = PBXBuildFile; fileRef = FCB31C2F1C30ABCA006ABC72 /* Main.storyboard */; };
		FCB31C331C30ABCA006ABC72 /* Assets.xcassets in Resources */ = {isa = PBXBuildFile; fileRef = FCB31C321C30ABCA006ABC72 /* Assets.xcassets */; };
		FCB31C361C30ABCA006ABC72 /* LaunchScreen.storyboard in Resources */ = {isa = PBXBuildFile; fileRef = FCB31C341C30ABCA006ABC72 /* LaunchScreen.storyboard */; };
		FCB31C401C30ACB4006ABC72 /* board.png in Resources */ = {isa = PBXBuildFile; fileRef = FCB31C3D1C30ACB4006ABC72 /* board.png */; };
		FCB31C411C30ACB4006ABC72 /* circle.png in Resources */ = {isa = PBXBuildFile; fileRef = FCB31C3E1C30ACB4006ABC72 /* circle.png */; };
		FCB31C421C30ACB4006ABC72 /* cross.png in Resources */ = {isa = PBXBuildFile; fileRef = FCB31C3F1C30ACB4006ABC72 /* cross.png */; };
/* End PBXBuildFile section */

/* Begin PBXFileReference section */
		FCB31C281C30ABCA006ABC72 /* Jogo da Velha.app */ = {isa = PBXFileReference; explicitFileType = wrapper.application; includeInIndex = 0; path = "Jogo da Velha.app"; sourceTree = BUILT_PRODUCTS_DIR; };
		FCB31C2B1C30ABCA006ABC72 /* AppDelegate.swift */ = {isa = PBXFileReference; lastKnownFileType = sourcecode.swift; path = AppDelegate.swift; sourceTree = "<group>"; };
		FCB31C2D1C30ABCA006ABC72 /* ViewController.swift */ = {isa = PBXFileReference; lastKnownFileType = sourcecode.swift; path = ViewController.swift; sourceTree = "<group>"; };
		FCB31C301C30ABCA006ABC72 /* Base */ = {isa = PBXFileReference; lastKnownFileType = file.storyboard; name = Base; path = Base.lproj/Main.storyboard; sourceTree = "<group>"; };
		FCB31C321C30ABCA006ABC72 /* Assets.xcassets */ = {isa = PBXFileReference; lastKnownFileType = folder.assetcatalog; path = Assets.xcassets; sourceTree = "<group>"; };
		FCB31C351C30ABCA006ABC72 /* Base */ = {isa = PBXFileReference; lastKnownFileType = file.storyboard; name = Base; path = Base.lproj/LaunchScreen.storyboard; sourceTree = "<group>"; };
		FCB31C371C30ABCA006ABC72 /* Info.plist */ = {isa = PBXFileReference; lastKnownFileType = text.plist.xml; path = Info.plist; sourceTree = "<group>"; };
		FCB31C3D1C30ACB4006ABC72 /* board.png */ = {isa = PBXFileReference; lastKnownFileType = image.png; path = board.png; sourceTree = "<group>"; };
		FCB31C3E1C30ACB4006ABC72 /* circle.png */ = {isa = PBXFileReference; lastKnownFileType = image.png; path = circle.png; sourceTree = "<group>"; };
		FCB31C3F1C30ACB4006ABC72 /* cross.png */ = {isa = PBXFileReference; lastKnownFileType = image.png; path = cross.png; sourceTree = "<group>"; };
/* End PBXFileReference section */

/* Begin PBXFrameworksBuildPhase section */
		FCB31C251C30ABCA006ABC72 /* Frameworks */ = {
			isa = PBXFrameworksBuildPhase;
			buildActionMask = 2147483647;
			files = (
			);
			runOnlyForDeploymentPostprocessing = 0;
		};
/* End PBXFrameworksBuildPhase section */

/* Begin PBXGroup section */
		FCB31C1F1C30ABCA006ABC72 = {
			isa = PBXGroup;
			children = (
				FCB31C2A1C30ABCA006ABC72 /* jogodavelha */,
				FCB31C291C30ABCA006ABC72 /* Products */,
			);
			sourceTree = "<group>";
		};
		FCB31C291C30ABCA006ABC72 /* Products */ = {
			isa = PBXGroup;
			children = (
				FCB31C281C30ABCA006ABC72 /* Jogo da Velha.app */,
			);
			name = Products;
			sourceTree = "<group>";
		};
		FCB31C2A1C30ABCA006ABC72 /* jogodavelha */ = {
			isa = PBXGroup;
			children = (
				FCB31C2B1C30ABCA006ABC72 /* AppDelegate.swift */,
				FCB31C2D1C30ABCA006ABC72 /* ViewController.swift */,
				FCB31C3D1C30ACB4006ABC72 /* board.png */,
				FCB31C3E1C30ACB4006ABC72 /* circle.png */,
				FCB31C3F1C30ACB4006ABC72 /* cross.png */,
				FCB31C2F1C30ABCA006ABC72 /* Main.storyboard */,
				FCB31C321C30ABCA006ABC72 /* Assets.xcassets */,
				FCB31C341C30ABCA006ABC72 /* LaunchScreen.storyboard */,
				FCB31C371C30ABCA006ABC72 /* Info.plist */,
			);
			path = jogodavelha;
			sourceTree = "<group>";
		};
/* End PBXGroup section */

/* Begin PBXNativeTarget section */
		FCB31C271C30ABCA006ABC72 /* Jogo da Velha */ = {
			isa = PBXNativeTarget;
			buildConfigurationList = FCB31C3A1C30ABCA006ABC72 /* Build configuration list for PBXNativeTarget "Jogo da Velha" */;
			buildPhases = (
				FCB31C241C30ABCA006ABC72 /* Sources */,
				FCB31C251C30ABCA006ABC72 /* Frameworks */,
				FCB31C261C30ABCA006ABC72 /* Resources */,
			);
			buildRules = (
			);
			dependencies = (
			);
			name = "Jogo da Velha";
			productName = jogodavelha;
			productReference = FCB31C281C30ABCA006ABC72 /* Jogo da Velha.app */;
			productType = "com.apple.product-type.application";
		};
/* End PBXNativeTarget section */

/* Begin PBXProject section */
		FCB31C201C30ABCA006ABC72 /* Project object */ = {
			isa = PBXProject;
			attributes = {
				LastSwiftUpdateCheck = 0720;
				LastUpgradeCheck = 0720;
				ORGANIZATIONNAME = "Arilson Carmo";
				TargetAttributes = {
					FCB31C271C30ABCA006ABC72 = {
						CreatedOnToolsVersion = 7.2;
					};
				};
			};
			buildConfigurationList = FCB31C231C30ABCA006ABC72 /* Build configuration list for PBXProject "jogodavelha" */;
			compatibilityVersion = "Xcode 3.2";
			developmentRegion = English;
			hasScannedForEncodings = 0;
			knownRegions = (
				en,
				Base,
			);
			mainGroup = FCB31C1F1C30ABCA006ABC72;
			productRefGroup = FCB31C291C30ABCA006ABC72 /* Products */;
			projectDirPath = "";
			projectRoot = "";
			targets = (
				FCB31C271C30ABCA006ABC72 /* Jogo da Velha */,
			);
		};
/* End PBXProject section */

/* Begin PBXResourcesBuildPhase section */
		FCB31C261C30ABCA006ABC72 /* Resources */ = {
			isa = PBXResourcesBuildPhase;
			buildActionMask = 2147483647;
			files = (
				FCB31C421C30ACB4006ABC72 /* cross.png in Resources */,
				FCB31C401C30ACB4006ABC72 /* board.png in Resources */,
				FCB31C361C30ABCA006ABC72 /* LaunchScreen.storyboard in Resources */,
				FCB31C411C30ACB4006ABC72 /* circle.png in Resources */,
				FCB31C331C30ABCA006ABC72 /* Assets.xcassets in Resources */,
				FCB31C311C30ABCA006ABC72 /* Main.storyboard in Resources */,
			);
			runOnlyForDeploymentPostprocessing = 0;
		};
/* End PBXResourcesBuildPhase section */

/* Begin PBXSourcesBuildPhase section */
		FCB31C241C30ABCA006ABC72 /* Sources */ = {
			isa = PBXSourcesBuildPhase;
			buildActionMask = 2147483647;
			files = (
				FCB31C2E1C30ABCA006ABC72 /* ViewController.swift in Sources */,
				FCB31C2C1C30ABCA006ABC72 /* AppDelegate.swift in Sources */,
			);
			runOnlyForDeploymentPostprocessing = 0;
		};
/* End PBXSourcesBuildPhase section */

/* Begin PBXVariantGroup section */
		FCB31C2F1C30ABCA006ABC72 /* Main.storyboard */ = {
			isa = PBXVariantGroup;
			children = (
				FCB31C301C30ABCA006ABC72 /* Base */,
			);
			name = Main.storyboard;
			sourceTree = "<group>";
		};
		FCB31C341C30ABCA006ABC72 /* LaunchScreen.storyboard */ = {
			isa = PBXVariantGroup;
			children = (
				FCB31C351C30ABCA006ABC72 /* Base */,
			);
			name = LaunchScreen.storyboard;
			sourceTree = "<group>";
		};
/* End PBXVariantGroup section */

/* Begin XCBuildConfiguration section */
		FCB31C381C30ABCA006ABC72 /* Debug */ = {
			isa = XCBuildConfiguration;
			buildSettings = {
				ALWAYS_SEARCH_USER_PATHS = NO;
				CLANG_CXX_LANGUAGE_STANDARD = "gnu++0x";
				CLANG_CXX_LIBRARY = "libc++";
				CLANG_ENABLE_MODULES = YES;
				CLANG_ENABLE_OBJC_ARC = YES;
				CLANG_WARN_BOOL_CONVERSION = YES;
				CLANG_WARN_CONSTANT_CONVERSION = YES;
				CLANG_WARN_DIRECT_OBJC_ISA_USAGE = YES_ERROR;
				CLANG_WARN_EMPTY_BODY = YES;
				CLANG_WARN_ENUM_CONVERSION = YES;
				CLANG_WARN_INT_CONVERSION = YES;
				CLANG_WARN_OBJC_ROOT_CLASS = YES_ERROR;
				CLANG_WARN_UNREACHABLE_CODE = YES;
				CLANG_WARN__DUPLICATE_METHOD_MATCH = YES;
				"CODE_SIGN_IDENTITY[sdk=iphoneos*]" = "iPhone Developer";
				COPY_PHASE_STRIP = NO;
				DEBUG_INFORMATION_FORMAT = dwarf;
				ENABLE_STRICT_OBJC_MSGSEND = YES;
				ENABLE_TESTABILITY = YES;
				GCC_C_LANGUAGE_STANDARD = gnu99;
				GCC_DYNAMIC_NO_PIC = NO;
				GCC_NO_COMMON_BLOCKS = YES;
				GCC_OPTIMIZATION_LEVEL = 0;
				GCC_PREPROCESSOR_DEFINITIONS = (
					"DEBUG=1",
					"$(inherited)",
				);
				GCC_WARN_64_TO_32_BIT_CONVERSION = YES;
				GCC_WARN_ABOUT_RETURN_TYPE = YES_ERROR;
				GCC_WARN_UNDECLARED_SELECTOR = YES;
				GCC_WARN_UNINITIALIZED_AUTOS = YES_AGGRESSIVE;
				GCC_WARN_UNUSED_FUNCTION = YES;
				GCC_WARN_UNUSED_VARIABLE = YES;
				IPHONEOS_DEPLOYMENT_TARGET = 9.2;
				MTL_ENABLE_DEBUG_INFO = YES;
				ONLY_ACTIVE_ARCH = YES;
				SDKROOT = iphoneos;
				SWIFT_OPTIMIZATION_LEVEL = "-Onone";
			};
			name = Debug;
		};
		FCB31C391C30ABCA006ABC72 /* Release */ = {
			isa = XCBuildConfiguration;
			buildSettings = {
				ALWAYS_SEARCH_USER_PATHS = NO;
				CLANG_CXX_LANGUAGE_STANDARD = "gnu++0x";
				CLANG_CXX_LIBRARY = "libc++";
				CLANG_ENABLE_MODULES = YES;
				CLANG_ENABLE_OBJC_ARC = YES;
				CLANG_WARN_BOOL_CONVERSION = YES;
				CLANG_WARN_CONSTANT_CONVERSION = YES;
				CLANG_WARN_DIRECT_OBJC_ISA_USAGE = YES_ERROR;
				CLANG_WARN_EMPTY_BODY = YES;
				CLANG_WARN_ENUM_CONVERSION = YES;
				CLANG_WARN_INT_CONVERSION = YES;
				CLANG_WARN_OBJC_ROOT_CLASS = YES_ERROR;
				CLANG_WARN_UNREACHABLE_CODE = YES;
				CLANG_WARN__DUPLICATE_METHOD_MATCH = YES;
				"CODE_SIGN_IDENTITY[sdk=iphoneos*]" = "iPhone Developer";
				COPY_PHASE_STRIP = NO;
				DEBUG_INFORMATION_FORMAT = "dwarf-with-dsym";
				ENABLE_NS_ASSERTIONS = NO;
				ENABLE_STRICT_OBJC_MSGSEND = YES;
				GCC_C_LANGUAGE_STANDARD = gnu99;
				GCC_NO_COMMON_BLOCKS = YES;
				GCC_WARN_64_TO_32_BIT_CONVERSION = YES;
				GCC_WARN_ABOUT_RETURN_TYPE = YES_ERROR;
				GCC_WARN_UNDECLARED_SELECTOR = YES;
				GCC_WARN_UNINITIALIZED_AUTOS = YES_AGGRESSIVE;
				GCC_WARN_UNUSED_FUNCTION = YES;
				GCC_WARN_UNUSED_VARIABLE = YES;
				IPHONEOS_DEPLOYMENT_TARGET = 9.2;
				MTL_ENABLE_DEBUG_INFO = NO;
				SDKROOT = iphoneos;
				VALIDATE_PRODUCT = YES;
			};
			name = Release;
		};
		FCB31C3B1C30ABCA006ABC72 /* Debug */ = {
			isa = XCBuildConfiguration;
			buildSettings = {
				ASSETCATALOG_COMPILER_APPICON_NAME = AppIcon;
				INFOPLIST_FILE = jogodavelha/Info.plist;
				LD_RUNPATH_SEARCH_PATHS = "$(inherited) @executable_path/Frameworks";
				PRODUCT_BUNDLE_IDENTIFIER = br.com.akarmo.jogodavelha;
				PRODUCT_NAME = "$(TARGET_NAME)";
			};
			name = Debug;
		};
		FCB31C3C1C30ABCA006ABC72 /* Release */ = {
			isa = XCBuildConfiguration;
			buildSettings = {
				ASSETCATALOG_COMPILER_APPICON_NAME = AppIcon;
				INFOPLIST_FILE = jogodavelha/Info.plist;
				LD_RUNPATH_SEARCH_PATHS = "$(inherited) @executable_path/Frameworks";
				PRODUCT_BUNDLE_IDENTIFIER = br.com.akarmo.jogodavelha;
				PRODUCT_NAME = "$(TARGET_NAME)";
			};
			name = Release;
		};
/* End XCBuildConfiguration section */

/* Begin XCConfigurationList section */
		FCB31C231C30ABCA006ABC72 /* Build configuration list for PBXProject "jogodavelha" */ = {
			isa = XCConfigurationList;
			buildConfigurations = (
				FCB31C381C30ABCA006ABC72 /* Debug */,
				FCB31C391C30ABCA006ABC72 /* Release */,
			);
			defaultConfigurationIsVisible = 0;
			defaultConfigurationName = Release;
		};
		FCB31C3A1C30ABCA006ABC72 /* Build configuration list for PBXNativeTarget "Jogo da Velha" */ = {
			isa = XCConfigurationList;
			buildConfigurations = (
				FCB31C3B1C30ABCA006ABC72 /* Debug */,
				FCB31C3C1C30ABCA006ABC72 /* Release */,
			);
			defaultConfigurationIsVisible = 0;
		};
/* End XCConfigurationList section */
	};
	rootObject = FCB31C201C30ABCA006ABC72 /* Project object */;
}
